PODS:
  - DZNEmptyDataSet (1.8.1)
  - FKTableCollectionExtensionBase (1.0.1):
    - ReactiveObjC
  - FKTableView (1.2.0):
    - FKTableCollectionExtensionBase
  - MJRefresh (3.1.15.7)
  - ReactiveObjC (3.1.1)
  - ScrollViewFreshEmpty (0.1.2):
    - DZNEmptyDataSet (~> 1.8.1)
    - MJRefresh (~> 3.1.15.1)
  - SVProgressHUD (2.2.5)

DEPENDENCIES:
  - FKTableView (from `../`)
  - ScrollViewFreshEmpty
  - SVProgressHUD

SPEC REPOS:
  https://github.com/cocoapods/specs.git:
    - DZNEmptyDataSet
    - FKTableCollectionExtensionBase
    - MJRefresh
    - ReactiveObjC
    - ScrollViewFreshEmpty
    - SVProgressHUD

EXTERNAL SOURCES:
  FKTableView:
    :path: "../"

SPEC CHECKSUMS:
  DZNEmptyDataSet: 9525833b9e68ac21c30253e1d3d7076cc828eaa7
  FKTableCollectionExtensionBase: 8bfb8778f20902982aa4d6e324d4df6f0af1a00d
  FKTableView: 03e3e261cfc5b7dcb53c6981fe51b30534d19a65
  MJRefresh: 697f8ec75ebdbe9207767bb682cf0f51b0d8a41f
  ReactiveObjC: 011caa393aa0383245f2dcf9bf02e86b80b36040
  ScrollViewFreshEmpty: e96a26448074885f5b75e86966558b858c3069fa
  SVProgressHUD: 1428aafac632c1f86f62aa4243ec12008d7a51d6

PODFILE CHECKSUM: 71d5648d0a8b601c071743c03de8b4dcb23a8810

COCOAPODS: 1.5.3
