// !$*UTF8*$!
{
	archiveVersion = 1;
	classes = {
	};
	objectVersion = 50;
	objects = {

/* Begin PBXBuildFile section */
		241DBD25F246C0491CD672B2 /* libPods-FKTableView.a in Frameworks */ = {isa = PBXBuildFile; fileRef = B2D133E161D419925CA51949 /* libPods-FKTableView.a */; };
		6B85E88F21781E470006BC1A /* AppDelegate.m in Sources */ = {isa = PBXBuildFile; fileRef = 6B85E88E21781E470006BC1A /* AppDelegate.m */; };
		6B85E89221781E470006BC1A /* ViewController.m in Sources */ = {isa = PBXBuildFile; fileRef = 6B85E89121781E470006BC1A /* ViewController.m */; };
		6B85E89521781E470006BC1A /* Main.storyboard in Resources */ = {isa = PBXBuildFile; fileRef = 6B85E89321781E470006BC1A /* Main.storyboard */; };
		6B85E89721781E490006BC1A /* Assets.xcassets in Resources */ = {isa = PBXBuildFile; fileRef = 6B85E89621781E490006BC1A /* Assets.xcassets */; };
		6B85E89A21781E490006BC1A /* LaunchScreen.storyboard in Resources */ = {isa = PBXBuildFile; fileRef = 6B85E89821781E490006BC1A /* LaunchScreen.storyboard */; };
		6B85E89D21781E490006BC1A /* main.m in Sources */ = {isa = PBXBuildFile; fileRef = 6B85E89C21781E490006BC1A /* main.m */; };
		6B85E8B6217857570006BC1A /* FKPersonCell.m in Sources */ = {isa = PBXBuildFile; fileRef = 6B85E8B4217857570006BC1A /* FKPersonCell.m */; };
		6B85E8B7217857570006BC1A /* FKPersonCell.xib in Resources */ = {isa = PBXBuildFile; fileRef = 6B85E8B5217857570006BC1A /* FKPersonCell.xib */; };
		6B85E8BA217857B60006BC1A /* FKPersonCellModel.m in Sources */ = {isa = PBXBuildFile; fileRef = 6B85E8B9217857B60006BC1A /* FKPersonCellModel.m */; };
		6B85E8BD21785E5A0006BC1A /* FKPersonViewModel.m in Sources */ = {isa = PBXBuildFile; fileRef = 6B85E8BC21785E5A0006BC1A /* FKPersonViewModel.m */; };
		6B85E8C0217877450006BC1A /* SectionViewController.m in Sources */ = {isa = PBXBuildFile; fileRef = 6B85E8BF217877450006BC1A /* SectionViewController.m */; };
		6B8A1DA421B026B500000CF5 /* HomeViewController.m in Sources */ = {isa = PBXBuildFile; fileRef = 6B8A1DA321B026B500000CF5 /* HomeViewController.m */; };
		6B8A1DA921B02A7500000CF5 /* CommonSectionViewController.m in Sources */ = {isa = PBXBuildFile; fileRef = 6B8A1DA821B02A7500000CF5 /* CommonSectionViewController.m */; };
		6BCAA7F421AE7F9200583AFB /* MyTableViewHeaderFooterView.xib in Resources */ = {isa = PBXBuildFile; fileRef = 6BCAA7F321AE7F9200583AFB /* MyTableViewHeaderFooterView.xib */; };
		6BCAA7F721AE804500583AFB /* MyTableViewHeaderFooterView.m in Sources */ = {isa = PBXBuildFile; fileRef = 6BCAA7F621AE804500583AFB /* MyTableViewHeaderFooterView.m */; };
		6BCAA7FA21AE816E00583AFB /* MyTableViewHeaderFooterViewModel.m in Sources */ = {isa = PBXBuildFile; fileRef = 6BCAA7F921AE816E00583AFB /* MyTableViewHeaderFooterViewModel.m */; };
		6BCAA7FC21AF805300583AFB /* FKTableView.podspec in Resources */ = {isa = PBXBuildFile; fileRef = 6BCAA7FB21AF805300583AFB /* FKTableView.podspec */; };
/* End PBXBuildFile section */

/* Begin PBXFileReference section */
		28E3E05C2CD15C45E1EC1BAE /* Pods-FKTableView.release.xcconfig */ = {isa = PBXFileReference; includeInIndex = 1; lastKnownFileType = text.xcconfig; name = "Pods-FKTableView.release.xcconfig"; path = "Pods/Target Support Files/Pods-FKTableView/Pods-FKTableView.release.xcconfig"; sourceTree = "<group>"; };
		6B85E88A21781E470006BC1A /* FKTableView.app */ = {isa = PBXFileReference; explicitFileType = wrapper.application; includeInIndex = 0; path = FKTableView.app; sourceTree = BUILT_PRODUCTS_DIR; };
		6B85E88D21781E470006BC1A /* AppDelegate.h */ = {isa = PBXFileReference; lastKnownFileType = sourcecode.c.h; path = AppDelegate.h; sourceTree = "<group>"; };
		6B85E88E21781E470006BC1A /* AppDelegate.m */ = {isa = PBXFileReference; lastKnownFileType = sourcecode.c.objc; path = AppDelegate.m; sourceTree = "<group>"; };
		6B85E89021781E470006BC1A /* ViewController.h */ = {isa = PBXFileReference; lastKnownFileType = sourcecode.c.h; path = ViewController.h; sourceTree = "<group>"; };
		6B85E89121781E470006BC1A /* ViewController.m */ = {isa = PBXFileReference; lastKnownFileType = sourcecode.c.objc; path = ViewController.m; sourceTree = "<group>"; };
		6B85E89421781E470006BC1A /* Base */ = {isa = PBXFileReference; lastKnownFileType = file.storyboard; name = Base; path = Base.lproj/Main.storyboard; sourceTree = "<group>"; };
		6B85E89621781E490006BC1A /* Assets.xcassets */ = {isa = PBXFileReference; lastKnownFileType = folder.assetcatalog; path = Assets.xcassets; sourceTree = "<group>"; };
		6B85E89921781E490006BC1A /* Base */ = {isa = PBXFileReference; lastKnownFileType = file.storyboard; name = Base; path = Base.lproj/LaunchScreen.storyboard; sourceTree = "<group>"; };
		6B85E89B21781E490006BC1A /* Info.plist */ = {isa = PBXFileReference; lastKnownFileType = text.plist.xml; path = Info.plist; sourceTree = "<group>"; };
		6B85E89C21781E490006BC1A /* main.m */ = {isa = PBXFileReference; lastKnownFileType = sourcecode.c.objc; path = main.m; sourceTree = "<group>"; };
		6B85E8B3217857570006BC1A /* FKPersonCell.h */ = {isa = PBXFileReference; lastKnownFileType = sourcecode.c.h; path = FKPersonCell.h; sourceTree = "<group>"; };
		6B85E8B4217857570006BC1A /* FKPersonCell.m */ = {isa = PBXFileReference; lastKnownFileType = sourcecode.c.objc; path = FKPersonCell.m; sourceTree = "<group>"; };
		6B85E8B5217857570006BC1A /* FKPersonCell.xib */ = {isa = PBXFileReference; lastKnownFileType = file.xib; path = FKPersonCell.xib; sourceTree = "<group>"; };
		6B85E8B8217857B60006BC1A /* FKPersonCellModel.h */ = {isa = PBXFileReference; lastKnownFileType = sourcecode.c.h; path = FKPersonCellModel.h; sourceTree = "<group>"; };
		6B85E8B9217857B60006BC1A /* FKPersonCellModel.m */ = {isa = PBXFileReference; lastKnownFileType = sourcecode.c.objc; path = FKPersonCellModel.m; sourceTree = "<group>"; };
		6B85E8BB21785E5A0006BC1A /* FKPersonViewModel.h */ = {isa = PBXFileReference; lastKnownFileType = sourcecode.c.h; path = FKPersonViewModel.h; sourceTree = "<group>"; };
		6B85E8BC21785E5A0006BC1A /* FKPersonViewModel.m */ = {isa = PBXFileReference; lastKnownFileType = sourcecode.c.objc; path = FKPersonViewModel.m; sourceTree = "<group>"; };
		6B85E8BE217877450006BC1A /* SectionViewController.h */ = {isa = PBXFileReference; lastKnownFileType = sourcecode.c.h; path = SectionViewController.h; sourceTree = "<group>"; };
		6B85E8BF217877450006BC1A /* SectionViewController.m */ = {isa = PBXFileReference; lastKnownFileType = sourcecode.c.objc; path = SectionViewController.m; sourceTree = "<group>"; };
		6B8A1DA221B026B500000CF5 /* HomeViewController.h */ = {isa = PBXFileReference; lastKnownFileType = sourcecode.c.h; path = HomeViewController.h; sourceTree = "<group>"; };
		6B8A1DA321B026B500000CF5 /* HomeViewController.m */ = {isa = PBXFileReference; lastKnownFileType = sourcecode.c.objc; path = HomeViewController.m; sourceTree = "<group>"; };
		6B8A1DA721B02A7500000CF5 /* CommonSectionViewController.h */ = {isa = PBXFileReference; lastKnownFileType = sourcecode.c.h; path = CommonSectionViewController.h; sourceTree = "<group>"; };
		6B8A1DA821B02A7500000CF5 /* CommonSectionViewController.m */ = {isa = PBXFileReference; lastKnownFileType = sourcecode.c.objc; path = CommonSectionViewController.m; sourceTree = "<group>"; };
		6BCAA7F321AE7F9200583AFB /* MyTableViewHeaderFooterView.xib */ = {isa = PBXFileReference; lastKnownFileType = file.xib; path = MyTableViewHeaderFooterView.xib; sourceTree = "<group>"; };
		6BCAA7F521AE804500583AFB /* MyTableViewHeaderFooterView.h */ = {isa = PBXFileReference; lastKnownFileType = sourcecode.c.h; path = MyTableViewHeaderFooterView.h; sourceTree = "<group>"; };
		6BCAA7F621AE804500583AFB /* MyTableViewHeaderFooterView.m */ = {isa = PBXFileReference; lastKnownFileType = sourcecode.c.objc; path = MyTableViewHeaderFooterView.m; sourceTree = "<group>"; };
		6BCAA7F821AE816E00583AFB /* MyTableViewHeaderFooterViewModel.h */ = {isa = PBXFileReference; lastKnownFileType = sourcecode.c.h; path = MyTableViewHeaderFooterViewModel.h; sourceTree = "<group>"; };
		6BCAA7F921AE816E00583AFB /* MyTableViewHeaderFooterViewModel.m */ = {isa = PBXFileReference; lastKnownFileType = sourcecode.c.objc; path = MyTableViewHeaderFooterViewModel.m; sourceTree = "<group>"; };
		6BCAA7FB21AF805300583AFB /* FKTableView.podspec */ = {isa = PBXFileReference; fileEncoding = 4; lastKnownFileType = text; name = FKTableView.podspec; path = ../FKTableView.podspec; sourceTree = "<group>"; };
		B2D133E161D419925CA51949 /* libPods-FKTableView.a */ = {isa = PBXFileReference; explicitFileType = archive.ar; includeInIndex = 0; path = "libPods-FKTableView.a"; sourceTree = BUILT_PRODUCTS_DIR; };
		C8714E0E2F7CBA00538A1247 /* Pods-FKTableView.debug.xcconfig */ = {isa = PBXFileReference; includeInIndex = 1; lastKnownFileType = text.xcconfig; name = "Pods-FKTableView.debug.xcconfig"; path = "Pods/Target Support Files/Pods-FKTableView/Pods-FKTableView.debug.xcconfig"; sourceTree = "<group>"; };
/* End PBXFileReference section */

/* Begin PBXFrameworksBuildPhase section */
		6B85E88721781E470006BC1A /* Frameworks */ = {
			isa = PBXFrameworksBuildPhase;
			buildActionMask = 2147483647;
			files = (
				241DBD25F246C0491CD672B2 /* libPods-FKTableView.a in Frameworks */,
			);
			runOnlyForDeploymentPostprocessing = 0;
		};
/* End PBXFrameworksBuildPhase section */

/* Begin PBXGroup section */
		4B735E6C8F8E36DC4BF99E57 /* Frameworks */ = {
			isa = PBXGroup;
			children = (
				B2D133E161D419925CA51949 /* libPods-FKTableView.a */,
			);
			name = Frameworks;
			sourceTree = "<group>";
		};
		6B85E88121781E470006BC1A = {
			isa = PBXGroup;
			children = (
				6BCAA7FB21AF805300583AFB /* FKTableView.podspec */,
				6B85E88C21781E470006BC1A /* FKTableView */,
				6B85E88B21781E470006BC1A /* Products */,
				D866D0DD3ED86156D1060DF9 /* Pods */,
				4B735E6C8F8E36DC4BF99E57 /* Frameworks */,
			);
			sourceTree = "<group>";
		};
		6B85E88B21781E470006BC1A /* Products */ = {
			isa = PBXGroup;
			children = (
				6B85E88A21781E470006BC1A /* FKTableView.app */,
			);
			name = Products;
			sourceTree = "<group>";
		};
		6B85E88C21781E470006BC1A /* FKTableView */ = {
			isa = PBXGroup;
			children = (
				6B85E8B2217857150006BC1A /* ViewModel */,
				6B85E8B12178570E0006BC1A /* View */,
				6B85E8B0217856A70006BC1A /* Model */,
				6B85E88D21781E470006BC1A /* AppDelegate.h */,
				6B85E88E21781E470006BC1A /* AppDelegate.m */,
				6B85E89321781E470006BC1A /* Main.storyboard */,
				6B85E89621781E490006BC1A /* Assets.xcassets */,
				6B85E89821781E490006BC1A /* LaunchScreen.storyboard */,
				6B85E89B21781E490006BC1A /* Info.plist */,
				6B85E89C21781E490006BC1A /* main.m */,
			);
			path = FKTableView;
			sourceTree = "<group>";
		};
		6B85E8B0217856A70006BC1A /* Model */ = {
			isa = PBXGroup;
			children = (
				6B85E8B8217857B60006BC1A /* FKPersonCellModel.h */,
				6B85E8B9217857B60006BC1A /* FKPersonCellModel.m */,
				6BCAA7F821AE816E00583AFB /* MyTableViewHeaderFooterViewModel.h */,
				6BCAA7F921AE816E00583AFB /* MyTableViewHeaderFooterViewModel.m */,
			);
			path = Model;
			sourceTree = "<group>";
		};
		6B85E8B12178570E0006BC1A /* View */ = {
			isa = PBXGroup;
			children = (
				6B85E89021781E470006BC1A /* ViewController.h */,
				6B85E89121781E470006BC1A /* ViewController.m */,
				6B85E8B3217857570006BC1A /* FKPersonCell.h */,
				6B85E8B4217857570006BC1A /* FKPersonCell.m */,
				6B85E8B5217857570006BC1A /* FKPersonCell.xib */,
				6B85E8BE217877450006BC1A /* SectionViewController.h */,
				6B85E8BF217877450006BC1A /* SectionViewController.m */,
				6B8A1DA721B02A7500000CF5 /* CommonSectionViewController.h */,
				6B8A1DA821B02A7500000CF5 /* CommonSectionViewController.m */,
				6BCAA7F321AE7F9200583AFB /* MyTableViewHeaderFooterView.xib */,
				6BCAA7F521AE804500583AFB /* MyTableViewHeaderFooterView.h */,
				6BCAA7F621AE804500583AFB /* MyTableViewHeaderFooterView.m */,
				6B8A1DA221B026B500000CF5 /* HomeViewController.h */,
				6B8A1DA321B026B500000CF5 /* HomeViewController.m */,
			);
			path = View;
			sourceTree = "<group>";
		};
		6B85E8B2217857150006BC1A /* ViewModel */ = {
			isa = PBXGroup;
			children = (
				6B85E8BB21785E5A0006BC1A /* FKPersonViewModel.h */,
				6B85E8BC21785E5A0006BC1A /* FKPersonViewModel.m */,
			);
			path = ViewModel;
			sourceTree = "<group>";
		};
		D866D0DD3ED86156D1060DF9 /* Pods */ = {
			isa = PBXGroup;
			children = (
				C8714E0E2F7CBA00538A1247 /* Pods-FKTableView.debug.xcconfig */,
				28E3E05C2CD15C45E1EC1BAE /* Pods-FKTableView.release.xcconfig */,
			);
			name = Pods;
			sourceTree = "<group>";
		};
/* End PBXGroup section */

/* Begin PBXNativeTarget section */
		6B85E88921781E470006BC1A /* FKTableView */ = {
			isa = PBXNativeTarget;
			buildConfigurationList = 6B85E8A021781E490006BC1A /* Build configuration list for PBXNativeTarget "FKTableView" */;
			buildPhases = (
				270F53E2C3CDA7CD97578ABF /* [CP] Check Pods Manifest.lock */,
				6B85E88621781E470006BC1A /* Sources */,
				6B85E88721781E470006BC1A /* Frameworks */,
				6B85E88821781E470006BC1A /* Resources */,
				2AD24F1112B89A3412B79AAB /* [CP] Copy Pods Resources */,
			);
			buildRules = (
			);
			dependencies = (
			);
			name = FKTableView;
			productName = FKTableView;
			productReference = 6B85E88A21781E470006BC1A /* FKTableView.app */;
			productType = "com.apple.product-type.application";
		};
/* End PBXNativeTarget section */

/* Begin PBXProject section */
		6B85E88221781E470006BC1A /* Project object */ = {
			isa = PBXProject;
			attributes = {
				LastUpgradeCheck = 1000;
				ORGANIZATIONNAME = CHAT;
				TargetAttributes = {
					6B85E88921781E470006BC1A = {
						CreatedOnToolsVersion = 10.0;
					};
				};
			};
			buildConfigurationList = 6B85E88521781E470006BC1A /* Build configuration list for PBXProject "FKTableView" */;
			compatibilityVersion = "Xcode 9.3";
			developmentRegion = en;
			hasScannedForEncodings = 0;
			knownRegions = (
				en,
				Base,
			);
			mainGroup = 6B85E88121781E470006BC1A;
			productRefGroup = 6B85E88B21781E470006BC1A /* Products */;
			projectDirPath = "";
			projectRoot = "";
			targets = (
				6B85E88921781E470006BC1A /* FKTableView */,
			);
		};
/* End PBXProject section */

/* Begin PBXResourcesBuildPhase section */
		6B85E88821781E470006BC1A /* Resources */ = {
			isa = PBXResourcesBuildPhase;
			buildActionMask = 2147483647;
			files = (
				6BCAA7F421AE7F9200583AFB /* MyTableViewHeaderFooterView.xib in Resources */,
				6B85E89A21781E490006BC1A /* LaunchScreen.storyboard in Resources */,
				6B85E8B7217857570006BC1A /* FKPersonCell.xib in Resources */,
				6B85E89721781E490006BC1A /* Assets.xcassets in Resources */,
				6B85E89521781E470006BC1A /* Main.storyboard in Resources */,
				6BCAA7FC21AF805300583AFB /* FKTableView.podspec in Resources */,
			);
			runOnlyForDeploymentPostprocessing = 0;
		};
/* End PBXResourcesBuildPhase section */

/* Begin PBXShellScriptBuildPhase section */
		270F53E2C3CDA7CD97578ABF /* [CP] Check Pods Manifest.lock */ = {
			isa = PBXShellScriptBuildPhase;
			buildActionMask = 2147483647;
			files = (
			);
			inputPaths = (
				"${PODS_PODFILE_DIR_PATH}/Podfile.lock",
				"${PODS_ROOT}/Manifest.lock",
			);
			name = "[CP] Check Pods Manifest.lock";
			outputPaths = (
				"$(DERIVED_FILE_DIR)/Pods-FKTableView-checkManifestLockResult.txt",
			);
			runOnlyForDeploymentPostprocessing = 0;
			shellPath = /bin/sh;
			shellScript = "diff \"${PODS_PODFILE_DIR_PATH}/Podfile.lock\" \"${PODS_ROOT}/Manifest.lock\" > /dev/null\nif [ $? != 0 ] ; then\n    # print error to STDERR\n    echo \"error: The sandbox is not in sync with the Podfile.lock. Run 'pod install' or update your CocoaPods installation.\" >&2\n    exit 1\nfi\n# This output is used by Xcode 'outputs' to avoid re-running this script phase.\necho \"SUCCESS\" > \"${SCRIPT_OUTPUT_FILE_0}\"\n";
			showEnvVarsInLog = 0;
		};
		2AD24F1112B89A3412B79AAB /* [CP] Copy Pods Resources */ = {
			isa = PBXShellScriptBuildPhase;
			buildActionMask = 2147483647;
			files = (
			);
			inputPaths = (
				"${SRCROOT}/Pods/Target Support Files/Pods-FKTableView/Pods-FKTableView-resources.sh",
				"${PODS_ROOT}/MJRefresh/MJRefresh/MJRefresh.bundle",
				"${PODS_ROOT}/SVProgressHUD/SVProgressHUD/SVProgressHUD.bundle",
			);
			name = "[CP] Copy Pods Resources";
			outputPaths = (
				"${TARGET_BUILD_DIR}/${UNLOCALIZED_RESOURCES_FOLDER_PATH}/MJRefresh.bundle",
				"${TARGET_BUILD_DIR}/${UNLOCALIZED_RESOURCES_FOLDER_PATH}/SVProgressHUD.bundle",
			);
			runOnlyForDeploymentPostprocessing = 0;
			shellPath = /bin/sh;
			shellScript = "\"${SRCROOT}/Pods/Target Support Files/Pods-FKTableView/Pods-FKTableView-resources.sh\"\n";
			showEnvVarsInLog = 0;
		};
/* End PBXShellScriptBuildPhase section */

/* Begin PBXSourcesBuildPhase section */
		6B85E88621781E470006BC1A /* Sources */ = {
			isa = PBXSourcesBuildPhase;
			buildActionMask = 2147483647;
			files = (
				6B85E8BA217857B60006BC1A /* FKPersonCellModel.m in Sources */,
				6B85E8B6217857570006BC1A /* FKPersonCell.m in Sources */,
				6B85E89221781E470006BC1A /* ViewController.m in Sources */,
				6B8A1DA921B02A7500000CF5 /* CommonSectionViewController.m in Sources */,
				6B8A1DA421B026B500000CF5 /* HomeViewController.m in Sources */,
				6BCAA7FA21AE816E00583AFB /* MyTableViewHeaderFooterViewModel.m in Sources */,
				6B85E8C0217877450006BC1A /* SectionViewController.m in Sources */,
				6BCAA7F721AE804500583AFB /* MyTableViewHeaderFooterView.m in Sources */,
				6B85E89D21781E490006BC1A /* main.m in Sources */,
				6B85E8BD21785E5A0006BC1A /* FKPersonViewModel.m in Sources */,
				6B85E88F21781E470006BC1A /* AppDelegate.m in Sources */,
			);
			runOnlyForDeploymentPostprocessing = 0;
		};
/* End PBXSourcesBuildPhase section */

/* Begin PBXVariantGroup section */
		6B85E89321781E470006BC1A /* Main.storyboard */ = {
			isa = PBXVariantGroup;
			children = (
				6B85E89421781E470006BC1A /* Base */,
			);
			name = Main.storyboard;
			sourceTree = "<group>";
		};
		6B85E89821781E490006BC1A /* LaunchScreen.storyboard */ = {
			isa = PBXVariantGroup;
			children = (
				6B85E89921781E490006BC1A /* Base */,
			);
			name = LaunchScreen.storyboard;
			sourceTree = "<group>";
		};
/* End PBXVariantGroup section */

/* Begin XCBuildConfiguration section */
		6B85E89E21781E490006BC1A /* Debug */ = {
			isa = XCBuildConfiguration;
			buildSettings = {
				ALWAYS_SEARCH_USER_PATHS = NO;
				CLANG_ANALYZER_NONNULL = YES;
				CLANG_ANALYZER_NUMBER_OBJECT_CONVERSION = YES_AGGRESSIVE;
				CLANG_CXX_LANGUAGE_STANDARD = "gnu++14";
				CLANG_CXX_LIBRARY = "libc++";
				CLANG_ENABLE_MODULES = YES;
				CLANG_ENABLE_OBJC_ARC = YES;
				CLANG_ENABLE_OBJC_WEAK = YES;
				CLANG_WARN_BLOCK_CAPTURE_AUTORELEASING = YES;
				CLANG_WARN_BOOL_CONVERSION = YES;
				CLANG_WARN_COMMA = YES;
				CLANG_WARN_CONSTANT_CONVERSION = YES;
				CLANG_WARN_DEPRECATED_OBJC_IMPLEMENTATIONS = YES;
				CLANG_WARN_DIRECT_OBJC_ISA_USAGE = YES_ERROR;
				CLANG_WARN_DOCUMENTATION_COMMENTS = YES;
				CLANG_WARN_EMPTY_BODY = YES;
				CLANG_WARN_ENUM_CONVERSION = YES;
				CLANG_WARN_INFINITE_RECURSION = YES;
				CLANG_WARN_INT_CONVERSION = YES;
				CLANG_WARN_NON_LITERAL_NULL_CONVERSION = YES;
				CLANG_WARN_OBJC_IMPLICIT_RETAIN_SELF = YES;
				CLANG_WARN_OBJC_LITERAL_CONVERSION = YES;
				CLANG_WARN_OBJC_ROOT_CLASS = YES_ERROR;
				CLANG_WARN_RANGE_LOOP_ANALYSIS = YES;
				CLANG_WARN_STRICT_PROTOTYPES = YES;
				CLANG_WARN_SUSPICIOUS_MOVE = YES;
				CLANG_WARN_UNGUARDED_AVAILABILITY = YES_AGGRESSIVE;
				CLANG_WARN_UNREACHABLE_CODE = YES;
				CLANG_WARN__DUPLICATE_METHOD_MATCH = YES;
				CODE_SIGN_IDENTITY = "iPhone Developer";
				COPY_PHASE_STRIP = NO;
				DEBUG_INFORMATION_FORMAT = dwarf;
				ENABLE_STRICT_OBJC_MSGSEND = YES;
				ENABLE_TESTABILITY = YES;
				GCC_C_LANGUAGE_STANDARD = gnu11;
				GCC_DYNAMIC_NO_PIC = NO;
				GCC_NO_COMMON_BLOCKS = YES;
				GCC_OPTIMIZATION_LEVEL = 0;
				GCC_PREPROCESSOR_DEFINITIONS = (
					"DEBUG=1",
					"$(inherited)",
				);
				GCC_WARN_64_TO_32_BIT_CONVERSION = YES;
				GCC_WARN_ABOUT_RETURN_TYPE = YES_ERROR;
				GCC_WARN_UNDECLARED_SELECTOR = YES;
				GCC_WARN_UNINITIALIZED_AUTOS = YES_AGGRESSIVE;
				GCC_WARN_UNUSED_FUNCTION = YES;
				GCC_WARN_UNUSED_VARIABLE = YES;
				IPHONEOS_DEPLOYMENT_TARGET = 12.0;
				MTL_ENABLE_DEBUG_INFO = INCLUDE_SOURCE;
				MTL_FAST_MATH = YES;
				ONLY_ACTIVE_ARCH = YES;
				SDKROOT = iphoneos;
			};
			name = Debug;
		};
		6B85E89F21781E490006BC1A /* Release */ = {
			isa = XCBuildConfiguration;
			buildSettings = {
				ALWAYS_SEARCH_USER_PATHS = NO;
				CLANG_ANALYZER_NONNULL = YES;
				CLANG_ANALYZER_NUMBER_OBJECT_CONVERSION = YES_AGGRESSIVE;
				CLANG_CXX_LANGUAGE_STANDARD = "gnu++14";
				CLANG_CXX_LIBRARY = "libc++";
				CLANG_ENABLE_MODULES = YES;
				CLANG_ENABLE_OBJC_ARC = YES;
				CLANG_ENABLE_OBJC_WEAK = YES;
				CLANG_WARN_BLOCK_CAPTURE_AUTORELEASING = YES;
				CLANG_WARN_BOOL_CONVERSION = YES;
				CLANG_WARN_COMMA = YES;
				CLANG_WARN_CONSTANT_CONVERSION = YES;
				CLANG_WARN_DEPRECATED_OBJC_IMPLEMENTATIONS = YES;
				CLANG_WARN_DIRECT_OBJC_ISA_USAGE = YES_ERROR;
				CLANG_WARN_DOCUMENTATION_COMMENTS = YES;
				CLANG_WARN_EMPTY_BODY = YES;
				CLANG_WARN_ENUM_CONVERSION = YES;
				CLANG_WARN_INFINITE_RECURSION = YES;
				CLANG_WARN_INT_CONVERSION = YES;
				CLANG_WARN_NON_LITERAL_NULL_CONVERSION = YES;
				CLANG_WARN_OBJC_IMPLICIT_RETAIN_SELF = YES;
				CLANG_WARN_OBJC_LITERAL_CONVERSION = YES;
				CLANG_WARN_OBJC_ROOT_CLASS = YES_ERROR;
				CLANG_WARN_RANGE_LOOP_ANALYSIS = YES;
				CLANG_WARN_STRICT_PROTOTYPES = YES;
				CLANG_WARN_SUSPICIOUS_MOVE = YES;
				CLANG_WARN_UNGUARDED_AVAILABILITY = YES_AGGRESSIVE;
				CLANG_WARN_UNREACHABLE_CODE = YES;
				CLANG_WARN__DUPLICATE_METHOD_MATCH = YES;
				CODE_SIGN_IDENTITY = "iPhone Developer";
				COPY_PHASE_STRIP = NO;
				DEBUG_INFORMATION_FORMAT = "dwarf-with-dsym";
				ENABLE_NS_ASSERTIONS = NO;
				ENABLE_STRICT_OBJC_MSGSEND = YES;
				GCC_C_LANGUAGE_STANDARD = gnu11;
				GCC_NO_COMMON_BLOCKS = YES;
				GCC_WARN_64_TO_32_BIT_CONVERSION = YES;
				GCC_WARN_ABOUT_RETURN_TYPE = YES_ERROR;
				GCC_WARN_UNDECLARED_SELECTOR = YES;
				GCC_WARN_UNINITIALIZED_AUTOS = YES_AGGRESSIVE;
				GCC_WARN_UNUSED_FUNCTION = YES;
				GCC_WARN_UNUSED_VARIABLE = YES;
				IPHONEOS_DEPLOYMENT_TARGET = 12.0;
				MTL_ENABLE_DEBUG_INFO = NO;
				MTL_FAST_MATH = YES;
				SDKROOT = iphoneos;
				VALIDATE_PRODUCT = YES;
			};
			name = Release;
		};
		6B85E8A121781E490006BC1A /* Debug */ = {
			isa = XCBuildConfiguration;
			baseConfigurationReference = C8714E0E2F7CBA00538A1247 /* Pods-FKTableView.debug.xcconfig */;
			buildSettings = {
				ASSETCATALOG_COMPILER_APPICON_NAME = AppIcon;
				CODE_SIGN_STYLE = Automatic;
				INFOPLIST_FILE = FKTableView/Info.plist;
				LD_RUNPATH_SEARCH_PATHS = (
					"$(inherited)",
					"@executable_path/Frameworks",
				);
				PRODUCT_BUNDLE_IDENTIFIER = chat.com.FKTableView;
				PRODUCT_NAME = "$(TARGET_NAME)";
				TARGETED_DEVICE_FAMILY = "1,2";
			};
			name = Debug;
		};
		6B85E8A221781E490006BC1A /* Release */ = {
			isa = XCBuildConfiguration;
			baseConfigurationReference = 28E3E05C2CD15C45E1EC1BAE /* Pods-FKTableView.release.xcconfig */;
			buildSettings = {
				ASSETCATALOG_COMPILER_APPICON_NAME = AppIcon;
				CODE_SIGN_STYLE = Automatic;
				INFOPLIST_FILE = FKTableView/Info.plist;
				LD_RUNPATH_SEARCH_PATHS = (
					"$(inherited)",
					"@executable_path/Frameworks",
				);
				PRODUCT_BUNDLE_IDENTIFIER = chat.com.FKTableView;
				PRODUCT_NAME = "$(TARGET_NAME)";
				TARGETED_DEVICE_FAMILY = "1,2";
			};
			name = Release;
		};
/* End XCBuildConfiguration section */

/* Begin XCConfigurationList section */
		6B85E88521781E470006BC1A /* Build configuration list for PBXProject "FKTableView" */ = {
			isa = XCConfigurationList;
			buildConfigurations = (
				6B85E89E21781E490006BC1A /* Debug */,
				6B85E89F21781E490006BC1A /* Release */,
			);
			defaultConfigurationIsVisible = 0;
			defaultConfigurationName = Release;
		};
		6B85E8A021781E490006BC1A /* Build configuration list for PBXNativeTarget "FKTableView" */ = {
			isa = XCConfigurationList;
			buildConfigurations = (
				6B85E8A121781E490006BC1A /* Debug */,
				6B85E8A221781E490006BC1A /* Release */,
			);
			defaultConfigurationIsVisible = 0;
			defaultConfigurationName = Release;
		};
/* End XCConfigurationList section */
	};
	rootObject = 6B85E88221781E470006BC1A /* Project object */;
}
